
Microsoft Visual Studio Solution File, Format Version 12.00
# Visual Studio Version 17
VisualStudioVersion = 17.0.31903.59
MinimumVisualStudioVersion = 10.0.40219.1
Project("{FAE04EC0-301F-11D3-BF4B-00C04F79EFBC}") = "PacktLibrary", "PacktLibrary\PacktLibrary.csproj", "{0B6D6AD0-7E7C-48C2-8432-76167800D298}"
EndProject
Project("{FAE04EC0-301F-11D3-BF4B-00C04F79EFBC}") = "PeopleApp", "PeopleApp\PeopleApp.csproj", "{0982B2A8-8A49-4525-9F2E-D7AC356B7098}"
EndProject
Global
	GlobalSection(SolutionConfigurationPlatforms) = preSolution
		Debug|Any CPU = Debug|Any CPU
		Release|Any CPU = Release|Any CPU
	EndGlobalSection
	GlobalSection(SolutionProperties) = preSolution
		HideSolutionNode = FALSE
	EndGlobalSection
	GlobalSection(ProjectConfigurationPlatforms) = postSolution
		{0B6D6AD0-7E7C-48C2-8432-76167800D298}.Debug|Any CPU.ActiveCfg = Debug|Any CPU
		{0B6D6AD0-7E7C-48C2-8432-76167800D298}.Debug|Any CPU.Build.0 = Debug|Any CPU
		{0B6D6AD0-7E7C-48C2-8432-76167800D298}.Release|Any CPU.ActiveCfg = Release|Any CPU
		{0B6D6AD0-7E7C-48C2-8432-76167800D298}.Release|Any CPU.Build.0 = Release|Any CPU
		{0982B2A8-8A49-4525-9F2E-D7AC356B7098}.Debug|Any CPU.ActiveCfg = Debug|Any CPU
		{0982B2A8-8A49-4525-9F2E-D7AC356B7098}.Debug|Any CPU.Build.0 = Debug|Any CPU
		{0982B2A8-8A49-4525-9F2E-D7AC356B7098}.Release|Any CPU.ActiveCfg = Release|Any CPU
		{0982B2A8-8A49-4525-9F2E-D7AC356B7098}.Release|Any CPU.Build.0 = Release|Any CPU
	EndGlobalSection
EndGlobal
