
Microsoft Visual Studio Solution File, Format Version 12.00
# Visual Studio Version 17
VisualStudioVersion = 17.0.31903.59
MinimumVisualStudioVersion = 10.0.40219.1
Project("{FAE04EC0-301F-11D3-BF4B-00C04F79EFBC}") = "WorkingWithFileSystems", "WorkingWithFileSystems\WorkingWithFileSystems.csproj", "{BE356FEE-7B80-4168-8940-193C2CEE548E}"
EndProject
Project("{FAE04EC0-301F-11D3-BF4B-00C04F79EFBC}") = "WorkingWithStreams", "WorkingWithStreams\WorkingWithStreams.csproj", "{056872BD-0CEB-47F4-94B4-42B91D2B4638}"
EndProject
Project("{FAE04EC0-301F-11D3-BF4B-00C04F79EFBC}") = "WorkingWithRandomAccess", "WorkingWithRandomAccess\WorkingWithRandomAccess.csproj", "{59D7FD52-5EA9-4588-8610-2C0CB7F415EC}"
EndProject
Project("{FAE04EC0-301F-11D3-BF4B-00C04F79EFBC}") = "WorkingWithEncodings", "WorkingWithEncodings\WorkingWithEncodings.csproj", "{87001BA8-CB23-4C79-BC44-B5D99D74C5F7}"
EndProject
Project("{FAE04EC0-301F-11D3-BF4B-00C04F79EFBC}") = "WorkingWithSerialization", "WorkingWithSerialization\WorkingWithSerialization.csproj", "{44201256-CED1-4174-86D9-A47E87B72555}"
EndProject
Global
	GlobalSection(SolutionConfigurationPlatforms) = preSolution
		Debug|Any CPU = Debug|Any CPU
		Release|Any CPU = Release|Any CPU
	EndGlobalSection
	GlobalSection(SolutionProperties) = preSolution
		HideSolutionNode = FALSE
	EndGlobalSection
	GlobalSection(ProjectConfigurationPlatforms) = postSolution
		{BE356FEE-7B80-4168-8940-193C2CEE548E}.Debug|Any CPU.ActiveCfg = Debug|Any CPU
		{BE356FEE-7B80-4168-8940-193C2CEE548E}.Debug|Any CPU.Build.0 = Debug|Any CPU
		{BE356FEE-7B80-4168-8940-193C2CEE548E}.Release|Any CPU.ActiveCfg = Release|Any CPU
		{BE356FEE-7B80-4168-8940-193C2CEE548E}.Release|Any CPU.Build.0 = Release|Any CPU
		{056872BD-0CEB-47F4-94B4-42B91D2B4638}.Debug|Any CPU.ActiveCfg = Debug|Any CPU
		{056872BD-0CEB-47F4-94B4-42B91D2B4638}.Debug|Any CPU.Build.0 = Debug|Any CPU
		{056872BD-0CEB-47F4-94B4-42B91D2B4638}.Release|Any CPU.ActiveCfg = Release|Any CPU
		{056872BD-0CEB-47F4-94B4-42B91D2B4638}.Release|Any CPU.Build.0 = Release|Any CPU
		{59D7FD52-5EA9-4588-8610-2C0CB7F415EC}.Debug|Any CPU.ActiveCfg = Debug|Any CPU
		{59D7FD52-5EA9-4588-8610-2C0CB7F415EC}.Debug|Any CPU.Build.0 = Debug|Any CPU
		{59D7FD52-5EA9-4588-8610-2C0CB7F415EC}.Release|Any CPU.ActiveCfg = Release|Any CPU
		{59D7FD52-5EA9-4588-8610-2C0CB7F415EC}.Release|Any CPU.Build.0 = Release|Any CPU
		{87001BA8-CB23-4C79-BC44-B5D99D74C5F7}.Debug|Any CPU.ActiveCfg = Debug|Any CPU
		{87001BA8-CB23-4C79-BC44-B5D99D74C5F7}.Debug|Any CPU.Build.0 = Debug|Any CPU
		{87001BA8-CB23-4C79-BC44-B5D99D74C5F7}.Release|Any CPU.ActiveCfg = Release|Any CPU
		{87001BA8-CB23-4C79-BC44-B5D99D74C5F7}.Release|Any CPU.Build.0 = Release|Any CPU
		{44201256-CED1-4174-86D9-A47E87B72555}.Debug|Any CPU.ActiveCfg = Debug|Any CPU
		{44201256-CED1-4174-86D9-A47E87B72555}.Debug|Any CPU.Build.0 = Debug|Any CPU
		{44201256-CED1-4174-86D9-A47E87B72555}.Release|Any CPU.ActiveCfg = Release|Any CPU
		{44201256-CED1-4174-86D9-A47E87B72555}.Release|Any CPU.Build.0 = Release|Any CPU
	EndGlobalSection
EndGlobal
